// !$*UTF8*$!
{
	archiveVersion = 1;
	classes = {
	};
	objectVersion = 56;
	objects = {

/* Begin PBXBuildFile section */
		177AD61F2AEEEB200069998C /* Frameworks_newApp.swift in Sources */ = {isa = PBXBuildFile; fileRef = 177AD61E2AEEEB200069998C /* Frameworks_newApp.swift */; };
		177AD6212AEEEB200069998C /* ContentView.swift in Sources */ = {isa = PBXBuildFile; fileRef = 177AD6202AEEEB200069998C /* ContentView.swift */; };
		177AD6232AEEEB230069998C /* Assets.xcassets in Resources */ = {isa = PBXBuildFile; fileRef = 177AD6222AEEEB230069998C /* Assets.xcassets */; };
		177AD6262AEEEB230069998C /* Preview Assets.xcassets in Resources */ = {isa = PBXBuildFile; fileRef = 177AD6252AEEEB230069998C /* Preview Assets.xcassets */; };
		177AD62D2AEEF5B90069998C /* Framework.swift in Sources */ = {isa = PBXBuildFile; fileRef = 177AD62C2AEEF5B90069998C /* Framework.swift */; };
		177AD62F2AEFA8570069998C /* DetailView.swift in Sources */ = {isa = PBXBuildFile; fileRef = 177AD62E2AEFA8570069998C /* DetailView.swift */; };
		177AD6312AEFBF010069998C /* AFButton.swift in Sources */ = {isa = PBXBuildFile; fileRef = 177AD6302AEFBF010069998C /* AFButton.swift */; };
		177AD6332AEFC4CB0069998C /* FrameworkViewModel.swift in Sources */ = {isa = PBXBuildFile; fileRef = 177AD6322AEFC4CB0069998C /* FrameworkViewModel.swift */; };
		177AD6352AEFE2C10069998C /* SafariView.swift in Sources */ = {isa = PBXBuildFile; fileRef = 177AD6342AEFE2C10069998C /* SafariView.swift */; };
		17ECBF6E2AEFEA66002C15D5 /* FrameworkTitleView.swift in Sources */ = {isa = PBXBuildFile; fileRef = 17ECBF6D2AEFEA66002C15D5 /* FrameworkTitleView.swift */; };
		17ECBF722AEFEC33002C15D5 /* XButton.swift in Sources */ = {isa = PBXBuildFile; fileRef = 17ECBF712AEFEC33002C15D5 /* XButton.swift */; };
/* End PBXBuildFile section */

/* Begin PBXFileReference section */
		177AD61B2AEEEB200069998C /* Frameworks_new.app */ = {isa = PBXFileReference; explicitFileType = wrapper.application; includeInIndex = 0; path = Frameworks_new.app; sourceTree = BUILT_PRODUCTS_DIR; };
		177AD61E2AEEEB200069998C /* Frameworks_newApp.swift */ = {isa = PBXFileReference; lastKnownFileType = sourcecode.swift; path = Frameworks_newApp.swift; sourceTree = "<group>"; };
		177AD6202AEEEB200069998C /* ContentView.swift */ = {isa = PBXFileReference; lastKnownFileType = sourcecode.swift; path = ContentView.swift; sourceTree = "<group>"; };
		177AD6222AEEEB230069998C /* Assets.xcassets */ = {isa = PBXFileReference; lastKnownFileType = folder.assetcatalog; path = Assets.xcassets; sourceTree = "<group>"; };
		177AD6252AEEEB230069998C /* Preview Assets.xcassets */ = {isa = PBXFileReference; lastKnownFileType = folder.assetcatalog; path = "Preview Assets.xcassets"; sourceTree = "<group>"; };
		177AD62C2AEEF5B90069998C /* Framework.swift */ = {isa = PBXFileReference; lastKnownFileType = sourcecode.swift; path = Framework.swift; sourceTree = "<group>"; };
		177AD62E2AEFA8570069998C /* DetailView.swift */ = {isa = PBXFileReference; lastKnownFileType = sourcecode.swift; path = DetailView.swift; sourceTree = "<group>"; };
		177AD6302AEFBF010069998C /* AFButton.swift */ = {isa = PBXFileReference; lastKnownFileType = sourcecode.swift; path = AFButton.swift; sourceTree = "<group>"; };
		177AD6322AEFC4CB0069998C /* FrameworkViewModel.swift */ = {isa = PBXFileReference; lastKnownFileType = sourcecode.swift; path = FrameworkViewModel.swift; sourceTree = "<group>"; };
		177AD6342AEFE2C10069998C /* SafariView.swift */ = {isa = PBXFileReference; lastKnownFileType = sourcecode.swift; path = SafariView.swift; sourceTree = "<group>"; };
		17ECBF6D2AEFEA66002C15D5 /* FrameworkTitleView.swift */ = {isa = PBXFileReference; lastKnownFileType = sourcecode.swift; path = FrameworkTitleView.swift; sourceTree = "<group>"; };
		17ECBF712AEFEC33002C15D5 /* XButton.swift */ = {isa = PBXFileReference; lastKnownFileType = sourcecode.swift; path = XButton.swift; sourceTree = "<group>"; };
/* End PBXFileReference section */

/* Begin PBXFrameworksBuildPhase section */
		177AD6182AEEEB200069998C /* Frameworks */ = {
			isa = PBXFrameworksBuildPhase;
			buildActionMask = 2147483647;
			files = (
			);
			runOnlyForDeploymentPostprocessing = 0;
		};
/* End PBXFrameworksBuildPhase section */

/* Begin PBXGroup section */
		177AD6122AEEEB200069998C = {
			isa = PBXGroup;
			children = (
				177AD61D2AEEEB200069998C /* Frameworks_new */,
				177AD61C2AEEEB200069998C /* Products */,
			);
			sourceTree = "<group>";
		};
		177AD61C2AEEEB200069998C /* Products */ = {
			isa = PBXGroup;
			children = (
				177AD61B2AEEEB200069998C /* Frameworks_new.app */,
			);
			name = Products;
			sourceTree = "<group>";
		};
		177AD61D2AEEEB200069998C /* Frameworks_new */ = {
			isa = PBXGroup;
			children = (
				17ECBF782AEFEDF7002C15D5 /* UIKitComponents */,
				17ECBF772AEFEDBB002C15D5 /* Views */,
				17ECBF762AEFEDA8002C15D5 /* Model */,
				17ECBF732AEFED0D002C15D5 /* Screens */,
				177AD61E2AEEEB200069998C /* Frameworks_newApp.swift */,
				177AD6222AEEEB230069998C /* Assets.xcassets */,
				177AD6242AEEEB230069998C /* Preview Content */,
			);
			path = Frameworks_new;
			sourceTree = "<group>";
		};
		177AD6242AEEEB230069998C /* Preview Content */ = {
			isa = PBXGroup;
			children = (
				177AD6252AEEEB230069998C /* Preview Assets.xcassets */,
			);
			path = "Preview Content";
			sourceTree = "<group>";
		};
		17ECBF732AEFED0D002C15D5 /* Screens */ = {
			isa = PBXGroup;
			children = (
				17ECBF742AEFED3F002C15D5 /* FrameworkGridView */,
				17ECBF752AEFED79002C15D5 /* FrameworkDetailView */,
			);
			path = Screens;
			sourceTree = "<group>";
		};
		17ECBF742AEFED3F002C15D5 /* FrameworkGridView */ = {
			isa = PBXGroup;
			children = (
				177AD6202AEEEB200069998C /* ContentView.swift */,
				177AD6322AEFC4CB0069998C /* FrameworkViewModel.swift */,
			);
			path = FrameworkGridView;
			sourceTree = "<group>";
		};
		17ECBF752AEFED79002C15D5 /* FrameworkDetailView */ = {
			isa = PBXGroup;
			children = (
				177AD62E2AEFA8570069998C /* DetailView.swift */,
			);
			path = FrameworkDetailView;
			sourceTree = "<group>";
		};
		17ECBF762AEFEDA8002C15D5 /* Model */ = {
			isa = PBXGroup;
			children = (
				177AD62C2AEEF5B90069998C /* Framework.swift */,
			);
			path = Model;
			sourceTree = "<group>";
		};
		17ECBF772AEFEDBB002C15D5 /* Views */ = {
			isa = PBXGroup;
			children = (
				177AD6302AEFBF010069998C /* AFButton.swift */,
				17ECBF6D2AEFEA66002C15D5 /* FrameworkTitleView.swift */,
				17ECBF712AEFEC33002C15D5 /* XButton.swift */,
			);
			path = Views;
			sourceTree = "<group>";
		};
		17ECBF782AEFEDF7002C15D5 /* UIKitComponents */ = {
			isa = PBXGroup;
			children = (
				177AD6342AEFE2C10069998C /* SafariView.swift */,
			);
			path = UIKitComponents;
			sourceTree = "<group>";
		};
/* End PBXGroup section */

/* Begin PBXNativeTarget section */
		177AD61A2AEEEB200069998C /* Frameworks_new */ = {
			isa = PBXNativeTarget;
			buildConfigurationList = 177AD6292AEEEB230069998C /* Build configuration list for PBXNativeTarget "Frameworks_new" */;
			buildPhases = (
				177AD6172AEEEB200069998C /* Sources */,
				177AD6182AEEEB200069998C /* Frameworks */,
				177AD6192AEEEB200069998C /* Resources */,
			);
			buildRules = (
			);
			dependencies = (
			);
			name = Frameworks_new;
			productName = Frameworks_new;
			productReference = 177AD61B2AEEEB200069998C /* Frameworks_new.app */;
			productType = "com.apple.product-type.application";
		};
/* End PBXNativeTarget section */

/* Begin PBXProject section */
		177AD6132AEEEB200069998C /* Project object */ = {
			isa = PBXProject;
			attributes = {
				BuildIndependentTargetsInParallel = 1;
				LastSwiftUpdateCheck = 1420;
				LastUpgradeCheck = 1420;
				TargetAttributes = {
					177AD61A2AEEEB200069998C = {
						CreatedOnToolsVersion = 14.2;
					};
				};
			};
			buildConfigurationList = 177AD6162AEEEB200069998C /* Build configuration list for PBXProject "Frameworks_new" */;
			compatibilityVersion = "Xcode 14.0";
			developmentRegion = en;
			hasScannedForEncodings = 0;
			knownRegions = (
				en,
				Base,
			);
			mainGroup = 177AD6122AEEEB200069998C;
			productRefGroup = 177AD61C2AEEEB200069998C /* Products */;
			projectDirPath = "";
			projectRoot = "";
			targets = (
				177AD61A2AEEEB200069998C /* Frameworks_new */,
			);
		};
/* End PBXProject section */

/* Begin PBXResourcesBuildPhase section */
		177AD6192AEEEB200069998C /* Resources */ = {
			isa = PBXResourcesBuildPhase;
			buildActionMask = 2147483647;
			files = (
				177AD6262AEEEB230069998C /* Preview Assets.xcassets in Resources */,
				177AD6232AEEEB230069998C /* Assets.xcassets in Resources */,
			);
			runOnlyForDeploymentPostprocessing = 0;
		};
/* End PBXResourcesBuildPhase section */

/* Begin PBXSourcesBuildPhase section */
		177AD6172AEEEB200069998C /* Sources */ = {
			isa = PBXSourcesBuildPhase;
			buildActionMask = 2147483647;
			files = (
				17ECBF722AEFEC33002C15D5 /* XButton.swift in Sources */,
				177AD6212AEEEB200069998C /* ContentView.swift in Sources */,
				177AD62F2AEFA8570069998C /* DetailView.swift in Sources */,
				177AD62D2AEEF5B90069998C /* Framework.swift in Sources */,
				177AD6332AEFC4CB0069998C /* FrameworkViewModel.swift in Sources */,
				177AD6312AEFBF010069998C /* AFButton.swift in Sources */,
				177AD61F2AEEEB200069998C /* Frameworks_newApp.swift in Sources */,
				17ECBF6E2AEFEA66002C15D5 /* FrameworkTitleView.swift in Sources */,
				177AD6352AEFE2C10069998C /* SafariView.swift in Sources */,
			);
			runOnlyForDeploymentPostprocessing = 0;
		};
/* End PBXSourcesBuildPhase section */

/* Begin XCBuildConfiguration section */
		177AD6272AEEEB230069998C /* Debug */ = {
			isa = XCBuildConfiguration;
			buildSettings = {
				ALWAYS_SEARCH_USER_PATHS = NO;
				CLANG_ANALYZER_NONNULL = YES;
				CLANG_ANALYZER_NUMBER_OBJECT_CONVERSION = YES_AGGRESSIVE;
				CLANG_CXX_LANGUAGE_STANDARD = "gnu++20";
				CLANG_ENABLE_MODULES = YES;
				CLANG_ENABLE_OBJC_ARC = YES;
				CLANG_ENABLE_OBJC_WEAK = YES;
				CLANG_WARN_BLOCK_CAPTURE_AUTORELEASING = YES;
				CLANG_WARN_BOOL_CONVERSION = YES;
				CLANG_WARN_COMMA = YES;
				CLANG_WARN_CONSTANT_CONVERSION = YES;
				CLANG_WARN_DEPRECATED_OBJC_IMPLEMENTATIONS = YES;
				CLANG_WARN_DIRECT_OBJC_ISA_USAGE = YES_ERROR;
				CLANG_WARN_DOCUMENTATION_COMMENTS = YES;
				CLANG_WARN_EMPTY_BODY = YES;
				CLANG_WARN_ENUM_CONVERSION = YES;
				CLANG_WARN_INFINITE_RECURSION = YES;
				CLANG_WARN_INT_CONVERSION = YES;
				CLANG_WARN_NON_LITERAL_NULL_CONVERSION = YES;
				CLANG_WARN_OBJC_IMPLICIT_RETAIN_SELF = YES;
				CLANG_WARN_OBJC_LITERAL_CONVERSION = YES;
				CLANG_WARN_OBJC_ROOT_CLASS = YES_ERROR;
				CLANG_WARN_QUOTED_INCLUDE_IN_FRAMEWORK_HEADER = YES;
				CLANG_WARN_RANGE_LOOP_ANALYSIS = YES;
				CLANG_WARN_STRICT_PROTOTYPES = YES;
				CLANG_WARN_SUSPICIOUS_MOVE = YES;
				CLANG_WARN_UNGUARDED_AVAILABILITY = YES_AGGRESSIVE;
				CLANG_WARN_UNREACHABLE_CODE = YES;
				CLANG_WARN__DUPLICATE_METHOD_MATCH = YES;
				COPY_PHASE_STRIP = NO;
				DEBUG_INFORMATION_FORMAT = dwarf;
				ENABLE_STRICT_OBJC_MSGSEND = YES;
				ENABLE_TESTABILITY = YES;
				GCC_C_LANGUAGE_STANDARD = gnu11;
				GCC_DYNAMIC_NO_PIC = NO;
				GCC_NO_COMMON_BLOCKS = YES;
				GCC_OPTIMIZATION_LEVEL = 0;
				GCC_PREPROCESSOR_DEFINITIONS = (
					"DEBUG=1",
					"$(inherited)",
				);
				GCC_WARN_64_TO_32_BIT_CONVERSION = YES;
				GCC_WARN_ABOUT_RETURN_TYPE = YES_ERROR;
				GCC_WARN_UNDECLARED_SELECTOR = YES;
				GCC_WARN_UNINITIALIZED_AUTOS = YES_AGGRESSIVE;
				GCC_WARN_UNUSED_FUNCTION = YES;
				GCC_WARN_UNUSED_VARIABLE = YES;
				IPHONEOS_DEPLOYMENT_TARGET = 16.2;
				MTL_ENABLE_DEBUG_INFO = INCLUDE_SOURCE;
				MTL_FAST_MATH = YES;
				ONLY_ACTIVE_ARCH = YES;
				SDKROOT = iphoneos;
				SWIFT_ACTIVE_COMPILATION_CONDITIONS = DEBUG;
				SWIFT_OPTIMIZATION_LEVEL = "-Onone";
			};
			name = Debug;
		};
		177AD6282AEEEB230069998C /* Release */ = {
			isa = XCBuildConfiguration;
			buildSettings = {
				ALWAYS_SEARCH_USER_PATHS = NO;
				CLANG_ANALYZER_NONNULL = YES;
				CLANG_ANALYZER_NUMBER_OBJECT_CONVERSION = YES_AGGRESSIVE;
				CLANG_CXX_LANGUAGE_STANDARD = "gnu++20";
				CLANG_ENABLE_MODULES = YES;
				CLANG_ENABLE_OBJC_ARC = YES;
				CLANG_ENABLE_OBJC_WEAK = YES;
				CLANG_WARN_BLOCK_CAPTURE_AUTORELEASING = YES;
				CLANG_WARN_BOOL_CONVERSION = YES;
				CLANG_WARN_COMMA = YES;
				CLANG_WARN_CONSTANT_CONVERSION = YES;
				CLANG_WARN_DEPRECATED_OBJC_IMPLEMENTATIONS = YES;
				CLANG_WARN_DIRECT_OBJC_ISA_USAGE = YES_ERROR;
				CLANG_WARN_DOCUMENTATION_COMMENTS = YES;
				CLANG_WARN_EMPTY_BODY = YES;
				CLANG_WARN_ENUM_CONVERSION = YES;
				CLANG_WARN_INFINITE_RECURSION = YES;
				CLANG_WARN_INT_CONVERSION = YES;
				CLANG_WARN_NON_LITERAL_NULL_CONVERSION = YES;
				CLANG_WARN_OBJC_IMPLICIT_RETAIN_SELF = YES;
				CLANG_WARN_OBJC_LITERAL_CONVERSION = YES;
				CLANG_WARN_OBJC_ROOT_CLASS = YES_ERROR;
				CLANG_WARN_QUOTED_INCLUDE_IN_FRAMEWORK_HEADER = YES;
				CLANG_WARN_RANGE_LOOP_ANALYSIS = YES;
				CLANG_WARN_STRICT_PROTOTYPES = YES;
				CLANG_WARN_SUSPICIOUS_MOVE = YES;
				CLANG_WARN_UNGUARDED_AVAILABILITY = YES_AGGRESSIVE;
				CLANG_WARN_UNREACHABLE_CODE = YES;
				CLANG_WARN__DUPLICATE_METHOD_MATCH = YES;
				COPY_PHASE_STRIP = NO;
				DEBUG_INFORMATION_FORMAT = "dwarf-with-dsym";
				ENABLE_NS_ASSERTIONS = NO;
				ENABLE_STRICT_OBJC_MSGSEND = YES;
				GCC_C_LANGUAGE_STANDARD = gnu11;
				GCC_NO_COMMON_BLOCKS = YES;
				GCC_WARN_64_TO_32_BIT_CONVERSION = YES;
				GCC_WARN_ABOUT_RETURN_TYPE = YES_ERROR;
				GCC_WARN_UNDECLARED_SELECTOR = YES;
				GCC_WARN_UNINITIALIZED_AUTOS = YES_AGGRESSIVE;
				GCC_WARN_UNUSED_FUNCTION = YES;
				GCC_WARN_UNUSED_VARIABLE = YES;
				IPHONEOS_DEPLOYMENT_TARGET = 16.2;
				MTL_ENABLE_DEBUG_INFO = NO;
				MTL_FAST_MATH = YES;
				SDKROOT = iphoneos;
				SWIFT_COMPILATION_MODE = wholemodule;
				SWIFT_OPTIMIZATION_LEVEL = "-O";
				VALIDATE_PRODUCT = YES;
			};
			name = Release;
		};
		177AD62A2AEEEB230069998C /* Debug */ = {
			isa = XCBuildConfiguration;
			buildSettings = {
				ASSETCATALOG_COMPILER_APPICON_NAME = AppIcon;
				ASSETCATALOG_COMPILER_GLOBAL_ACCENT_COLOR_NAME = AccentColor;
				CODE_SIGN_STYLE = Automatic;
				CURRENT_PROJECT_VERSION = 1;
				DEVELOPMENT_ASSET_PATHS = "\"Frameworks_new/Preview Content\"";
				DEVELOPMENT_TEAM = GQH45G6K7W;
				ENABLE_PREVIEWS = YES;
				GENERATE_INFOPLIST_FILE = YES;
				INFOPLIST_KEY_UIApplicationSceneManifest_Generation = YES;
				INFOPLIST_KEY_UIApplicationSupportsIndirectInputEvents = YES;
				INFOPLIST_KEY_UILaunchScreen_Generation = YES;
				INFOPLIST_KEY_UISupportedInterfaceOrientations_iPad = "UIInterfaceOrientationPortrait UIInterfaceOrientationPortraitUpsideDown UIInterfaceOrientationLandscapeLeft UIInterfaceOrientationLandscapeRight";
				INFOPLIST_KEY_UISupportedInterfaceOrientations_iPhone = "UIInterfaceOrientationPortrait UIInterfaceOrientationLandscapeLeft UIInterfaceOrientationLandscapeRight";
				LD_RUNPATH_SEARCH_PATHS = (
					"$(inherited)",
					"@executable_path/Frameworks",
				);
				MARKETING_VERSION = 1.0;
				PRODUCT_BUNDLE_IDENTIFIER = "aa.Frameworks-new";
				PRODUCT_NAME = "$(TARGET_NAME)";
				SWIFT_EMIT_LOC_STRINGS = YES;
				SWIFT_VERSION = 5.0;
				TARGETED_DEVICE_FAMILY = "1,2";
			};
			name = Debug;
		};
		177AD62B2AEEEB230069998C /* Release */ = {
			isa = XCBuildConfiguration;
			buildSettings = {
				ASSETCATALOG_COMPILER_APPICON_NAME = AppIcon;
				ASSETCATALOG_COMPILER_GLOBAL_ACCENT_COLOR_NAME = AccentColor;
				CODE_SIGN_STYLE = Automatic;
				CURRENT_PROJECT_VERSION = 1;
				DEVELOPMENT_ASSET_PATHS = "\"Frameworks_new/Preview Content\"";
				DEVELOPMENT_TEAM = GQH45G6K7W;
				ENABLE_PREVIEWS = YES;
				GENERATE_INFOPLIST_FILE = YES;
				INFOPLIST_KEY_UIApplicationSceneManifest_Generation = YES;
				INFOPLIST_KEY_UIApplicationSupportsIndirectInputEvents = YES;
				INFOPLIST_KEY_UILaunchScreen_Generation = YES;
				INFOPLIST_KEY_UISupportedInterfaceOrientations_iPad = "UIInterfaceOrientationPortrait UIInterfaceOrientationPortraitUpsideDown UIInterfaceOrientationLandscapeLeft UIInterfaceOrientationLandscapeRight";
				INFOPLIST_KEY_UISupportedInterfaceOrientations_iPhone = "UIInterfaceOrientationPortrait UIInterfaceOrientationLandscapeLeft UIInterfaceOrientationLandscapeRight";
				LD_RUNPATH_SEARCH_PATHS = (
					"$(inherited)",
					"@executable_path/Frameworks",
				);
				MARKETING_VERSION = 1.0;
				PRODUCT_BUNDLE_IDENTIFIER = "aa.Frameworks-new";
				PRODUCT_NAME = "$(TARGET_NAME)";
				SWIFT_EMIT_LOC_STRINGS = YES;
				SWIFT_VERSION = 5.0;
				TARGETED_DEVICE_FAMILY = "1,2";
			};
			name = Release;
		};
/* End XCBuildConfiguration section */

/* Begin XCConfigurationList section */
		177AD6162AEEEB200069998C /* Build configuration list for PBXProject "Frameworks_new" */ = {
			isa = XCConfigurationList;
			buildConfigurations = (
				177AD6272AEEEB230069998C /* Debug */,
				177AD6282AEEEB230069998C /* Release */,
			);
			defaultConfigurationIsVisible = 0;
			defaultConfigurationName = Release;
		};
		177AD6292AEEEB230069998C /* Build configuration list for PBXNativeTarget "Frameworks_new" */ = {
			isa = XCConfigurationList;
			buildConfigurations = (
				177AD62A2AEEEB230069998C /* Debug */,
				177AD62B2AEEEB230069998C /* Release */,
			);
			defaultConfigurationIsVisible = 0;
			defaultConfigurationName = Release;
		};
/* End XCConfigurationList section */
	};
	rootObject = 177AD6132AEEEB200069998C /* Project object */;
}
